// !$*UTF8*$!
{
	archiveVersion = 1;
	classes = {
	};
	objectVersion = 46;
	objects = {

/* Begin PBXBuildFile section */
		039A50FF19ADC7700041D117 /* Cocoa.framework in Frameworks */ = {isa = PBXBuildFile; fileRef = 039A50FE19ADC7700041D117 /* Cocoa.framework */; };
		039A510919ADC7700041D117 /* InfoPlist.strings in Resources */ = {isa = PBXBuildFile; fileRef = 039A510719ADC7700041D117 /* InfoPlist.strings */; };
		039A510B19ADC7700041D117 /* main.m in Sources */ = {isa = PBXBuildFile; fileRef = 039A510A19ADC7700041D117 /* main.m */; };
		039A510F19ADC7700041D117 /* Credits.rtf in Resources */ = {isa = PBXBuildFile; fileRef = 039A510D19ADC7700041D117 /* Credits.rtf */; };
		039A511219ADC7700041D117 /* AppDelegate.m in Sources */ = {isa = PBXBuildFile; fileRef = 039A511119ADC7700041D117 /* AppDelegate.m */; };
		039A511519ADC7700041D117 /* MainMenu.xib in Resources */ = {isa = PBXBuildFile; fileRef = 039A511319ADC7700041D117 /* MainMenu.xib */; };
		039A511719ADC7700041D117 /* Images.xcassets in Resources */ = {isa = PBXBuildFile; fileRef = 039A511619ADC7700041D117 /* Images.xcassets */; };
		039A511E19ADC7700041D117 /* XCTest.framework in Frameworks */ = {isa = PBXBuildFile; fileRef = 039A511D19ADC7700041D117 /* XCTest.framework */; };
		039A511F19ADC7700041D117 /* Cocoa.framework in Frameworks */ = {isa = PBXBuildFile; fileRef = 039A50FE19ADC7700041D117 /* Cocoa.framework */; };
		039A512719ADC7700041D117 /* InfoPlist.strings in Resources */ = {isa = PBXBuildFile; fileRef = 039A512519ADC7700041D117 /* InfoPlist.strings */; };
		039A512919ADC7700041D117 /* IRSaverTests.m in Sources */ = {isa = PBXBuildFile; fileRef = 039A512819ADC7700041D117 /* IRSaverTests.m */; };
/* End PBXBuildFile section */

/* Begin PBXContainerItemProxy section */
		039A512019ADC7700041D117 /* PBXContainerItemProxy */ = {
			isa = PBXContainerItemProxy;
			containerPortal = 039A50F319ADC7700041D117 /* Project object */;
			proxyType = 1;
			remoteGlobalIDString = 039A50FA19ADC7700041D117;
			remoteInfo = IRSaver;
		};
/* End PBXContainerItemProxy section */

/* Begin PBXFileReference section */
		039A50FB19ADC7700041D117 /* IRSaver.app */ = {isa = PBXFileReference; explicitFileType = wrapper.application; includeInIndex = 0; path = IRSaver.app; sourceTree = BUILT_PRODUCTS_DIR; };
		039A50FE19ADC7700041D117 /* Cocoa.framework */ = {isa = PBXFileReference; lastKnownFileType = wrapper.framework; name = Cocoa.framework; path = System/Library/Frameworks/Cocoa.framework; sourceTree = SDKROOT; };
		039A510119ADC7700041D117 /* AppKit.framework */ = {isa = PBXFileReference; lastKnownFileType = wrapper.framework; name = AppKit.framework; path = System/Library/Frameworks/AppKit.framework; sourceTree = SDKROOT; };
		039A510219ADC7700041D117 /* CoreData.framework */ = {isa = PBXFileReference; lastKnownFileType = wrapper.framework; name = CoreData.framework; path = System/Library/Frameworks/CoreData.framework; sourceTree = SDKROOT; };
		039A510319ADC7700041D117 /* Foundation.framework */ = {isa = PBXFileReference; lastKnownFileType = wrapper.framework; name = Foundation.framework; path = System/Library/Frameworks/Foundation.framework; sourceTree = SDKROOT; };
		039A510619ADC7700041D117 /* IRSaver-Info.plist */ = {isa = PBXFileReference; lastKnownFileType = text.plist.xml; path = "IRSaver-Info.plist"; sourceTree = "<group>"; };
		039A510819ADC7700041D117 /* en */ = {isa = PBXFileReference; lastKnownFileType = text.plist.strings; name = en; path = en.lproj/InfoPlist.strings; sourceTree = "<group>"; };
		039A510A19ADC7700041D117 /* main.m */ = {isa = PBXFileReference; lastKnownFileType = sourcecode.c.objc; path = main.m; sourceTree = "<group>"; };
		039A510C19ADC7700041D117 /* IRSaver-Prefix.pch */ = {isa = PBXFileReference; lastKnownFileType = sourcecode.c.h; path = "IRSaver-Prefix.pch"; sourceTree = "<group>"; };
		039A510E19ADC7700041D117 /* en */ = {isa = PBXFileReference; lastKnownFileType = text.rtf; name = en; path = en.lproj/Credits.rtf; sourceTree = "<group>"; };
		039A511019ADC7700041D117 /* AppDelegate.h */ = {isa = PBXFileReference; lastKnownFileType = sourcecode.c.h; path = AppDelegate.h; sourceTree = "<group>"; };
		039A511119ADC7700041D117 /* AppDelegate.m */ = {isa = PBXFileReference; lastKnownFileType = sourcecode.c.objc; path = AppDelegate.m; sourceTree = "<group>"; };
		039A511419ADC7700041D117 /* Base */ = {isa = PBXFileReference; lastKnownFileType = file.xib; name = Base; path = Base.lproj/MainMenu.xib; sourceTree = "<group>"; };
		039A511619ADC7700041D117 /* Images.xcassets */ = {isa = PBXFileReference; lastKnownFileType = folder.assetcatalog; path = Images.xcassets; sourceTree = "<group>"; };
		039A511C19ADC7700041D117 /* IRSaverTests.xctest */ = {isa = PBXFileReference; explicitFileType = wrapper.cfbundle; includeInIndex = 0; path = IRSaverTests.xctest; sourceTree = BUILT_PRODUCTS_DIR; };
		039A511D19ADC7700041D117 /* XCTest.framework */ = {isa = PBXFileReference; lastKnownFileType = wrapper.framework; name = XCTest.framework; path = Library/Frameworks/XCTest.framework; sourceTree = DEVELOPER_DIR; };
		039A512419ADC7700041D117 /* IRSaverTests-Info.plist */ = {isa = PBXFileReference; lastKnownFileType = text.plist.xml; path = "IRSaverTests-Info.plist"; sourceTree = "<group>"; };
		039A512619ADC7700041D117 /* en */ = {isa = PBXFileReference; lastKnownFileType = text.plist.strings; name = en; path = en.lproj/InfoPlist.strings; sourceTree = "<group>"; };
		039A512819ADC7700041D117 /* IRSaverTests.m */ = {isa = PBXFileReference; lastKnownFileType = sourcecode.c.objc; path = IRSaverTests.m; sourceTree = "<group>"; };
/* End PBXFileReference section */

/* Begin PBXFrameworksBuildPhase section */
		039A50F819ADC7700041D117 /* Frameworks */ = {
			isa = PBXFrameworksBuildPhase;
			buildActionMask = 2147483647;
			files = (
				039A50FF19ADC7700041D117 /* Cocoa.framework in Frameworks */,
			);
			runOnlyForDeploymentPostprocessing = 0;
		};
		039A511919ADC7700041D117 /* Frameworks */ = {
			isa = PBXFrameworksBuildPhase;
			buildActionMask = 2147483647;
			files = (
				039A511F19ADC7700041D117 /* Cocoa.framework in Frameworks */,
				039A511E19ADC7700041D117 /* XCTest.framework in Frameworks */,
			);
			runOnlyForDeploymentPostprocessing = 0;
		};
/* End PBXFrameworksBuildPhase section */

/* Begin PBXGroup section */
		039A50F219ADC7700041D117 = {
			isa = PBXGroup;
			children = (
				039A510419ADC7700041D117 /* IRSaver */,
				039A512219ADC7700041D117 /* IRSaverTests */,
				039A50FD19ADC7700041D117 /* Frameworks */,
				039A50FC19ADC7700041D117 /* Products */,
			);
			sourceTree = "<group>";
		};
		039A50FC19ADC7700041D117 /* Products */ = {
			isa = PBXGroup;
			children = (
				039A50FB19ADC7700041D117 /* IRSaver.app */,
				039A511C19ADC7700041D117 /* IRSaverTests.xctest */,
			);
			name = Products;
			sourceTree = "<group>";
		};
		039A50FD19ADC7700041D117 /* Frameworks */ = {
			isa = PBXGroup;
			children = (
				039A50FE19ADC7700041D117 /* Cocoa.framework */,
				039A511D19ADC7700041D117 /* XCTest.framework */,
				039A510019ADC7700041D117 /* Other Frameworks */,
			);
			name = Frameworks;
			sourceTree = "<group>";
		};
		039A510019ADC7700041D117 /* Other Frameworks */ = {
			isa = PBXGroup;
			children = (
				039A510119ADC7700041D117 /* AppKit.framework */,
				039A510219ADC7700041D117 /* CoreData.framework */,
				039A510319ADC7700041D117 /* Foundation.framework */,
			);
			name = "Other Frameworks";
			sourceTree = "<group>";
		};
		039A510419ADC7700041D117 /* IRSaver */ = {
			isa = PBXGroup;
			children = (
				039A511019ADC7700041D117 /* AppDelegate.h */,
				039A511119ADC7700041D117 /* AppDelegate.m */,
				039A511319ADC7700041D117 /* MainMenu.xib */,
				039A511619ADC7700041D117 /* Images.xcassets */,
				039A510519ADC7700041D117 /* Supporting Files */,
			);
			path = IRSaver;
			sourceTree = "<group>";
		};
		039A510519ADC7700041D117 /* Supporting Files */ = {
			isa = PBXGroup;
			children = (
				039A510619ADC7700041D117 /* IRSaver-Info.plist */,
				039A510719ADC7700041D117 /* InfoPlist.strings */,
				039A510A19ADC7700041D117 /* main.m */,
				039A510C19ADC7700041D117 /* IRSaver-Prefix.pch */,
				039A510D19ADC7700041D117 /* Credits.rtf */,
			);
			name = "Supporting Files";
			sourceTree = "<group>";
		};
		039A512219ADC7700041D117 /* IRSaverTests */ = {
			isa = PBXGroup;
			children = (
				039A512819ADC7700041D117 /* IRSaverTests.m */,
				039A512319ADC7700041D117 /* Supporting Files */,
			);
			path = IRSaverTests;
			sourceTree = "<group>";
		};
		039A512319ADC7700041D117 /* Supporting Files */ = {
			isa = PBXGroup;
			children = (
				039A512419ADC7700041D117 /* IRSaverTests-Info.plist */,
				039A512519ADC7700041D117 /* InfoPlist.strings */,
			);
			name = "Supporting Files";
			sourceTree = "<group>";
		};
/* End PBXGroup section */

/* Begin PBXNativeTarget section */
		039A50FA19ADC7700041D117 /* IRSaver */ = {
			isa = PBXNativeTarget;
			buildConfigurationList = 039A512C19ADC7700041D117 /* Build configuration list for PBXNativeTarget "IRSaver" */;
			buildPhases = (
				039A50F719ADC7700041D117 /* Sources */,
				039A50F819ADC7700041D117 /* Frameworks */,
				039A50F919ADC7700041D117 /* Resources */,
			);
			buildRules = (
			);
			dependencies = (
			);
			name = IRSaver;
			productName = IRSaver;
			productReference = 039A50FB19ADC7700041D117 /* IRSaver.app */;
			productType = "com.apple.product-type.application";
		};
		039A511B19ADC7700041D117 /* IRSaverTests */ = {
			isa = PBXNativeTarget;
			buildConfigurationList = 039A512F19ADC7700041D117 /* Build configuration list for PBXNativeTarget "IRSaverTests" */;
			buildPhases = (
				039A511819ADC7700041D117 /* Sources */,
				039A511919ADC7700041D117 /* Frameworks */,
				039A511A19ADC7700041D117 /* Resources */,
			);
			buildRules = (
			);
			dependencies = (
				039A512119ADC7700041D117 /* PBXTargetDependency */,
			);
			name = IRSaverTests;
			productName = IRSaverTests;
			productReference = 039A511C19ADC7700041D117 /* IRSaverTests.xctest */;
			productType = "com.apple.product-type.bundle.unit-test";
		};
/* End PBXNativeTarget section */

/* Begin PBXProject section */
		039A50F319ADC7700041D117 /* Project object */ = {
			isa = PBXProject;
			attributes = {
				LastUpgradeCheck = 0510;
				ORGANIZATIONNAME = "Josh Pruim";
				TargetAttributes = {
					039A511B19ADC7700041D117 = {
						TestTargetID = 039A50FA19ADC7700041D117;
					};
				};
			};
			buildConfigurationList = 039A50F619ADC7700041D117 /* Build configuration list for PBXProject "IRSaver" */;
			compatibilityVersion = "Xcode 3.2";
			developmentRegion = English;
			hasScannedForEncodings = 0;
			knownRegions = (
				en,
				Base,
			);
			mainGroup = 039A50F219ADC7700041D117;
			productRefGroup = 039A50FC19ADC7700041D117 /* Products */;
			projectDirPath = "";
			projectRoot = "";
			targets = (
				039A50FA19ADC7700041D117 /* IRSaver */,
				039A511B19ADC7700041D117 /* IRSaverTests */,
			);
		};
/* End PBXProject section */

/* Begin PBXResourcesBuildPhase section */
		039A50F919ADC7700041D117 /* Resources */ = {
			isa = PBXResourcesBuildPhase;
			buildActionMask = 2147483647;
			files = (
				039A510919ADC7700041D117 /* InfoPlist.strings in Resources */,
				039A511719ADC7700041D117 /* Images.xcassets in Resources */,
				039A510F19ADC7700041D117 /* Credits.rtf in Resources */,
				039A511519ADC7700041D117 /* MainMenu.xib in Resources */,
			);
			runOnlyForDeploymentPostprocessing = 0;
		};
		039A511A19ADC7700041D117 /* Resources */ = {
			isa = PBXResourcesBuildPhase;
			buildActionMask = 2147483647;
			files = (
				039A512719ADC7700041D117 /* InfoPlist.strings in Resources */,
			);
			runOnlyForDeploymentPostprocessing = 0;
		};
/* End PBXResourcesBuildPhase section */

/* Begin PBXSourcesBuildPhase section */
		039A50F719ADC7700041D117 /* Sources */ = {
			isa = PBXSourcesBuildPhase;
			buildActionMask = 2147483647;
			files = (
				039A511219ADC7700041D117 /* AppDelegate.m in Sources */,
				039A510B19ADC7700041D117 /* main.m in Sources */,
			);
			runOnlyForDeploymentPostprocessing = 0;
		};
		039A511819ADC7700041D117 /* Sources */ = {
			isa = PBXSourcesBuildPhase;
			buildActionMask = 2147483647;
			files = (
				039A512919ADC7700041D117 /* IRSaverTests.m in Sources */,
			);
			runOnlyForDeploymentPostprocessing = 0;
		};
/* End PBXSourcesBuildPhase section */

/* Begin PBXTargetDependency section */
		039A512119ADC7700041D117 /* PBXTargetDependency */ = {
			isa = PBXTargetDependency;
			target = 039A50FA19ADC7700041D117 /* IRSaver */;
			targetProxy = 039A512019ADC7700041D117 /* PBXContainerItemProxy */;
		};
/* End PBXTargetDependency section */

/* Begin PBXVariantGroup section */
		039A510719ADC7700041D117 /* InfoPlist.strings */ = {
			isa = PBXVariantGroup;
			children = (
				039A510819ADC7700041D117 /* en */,
			);
			name = InfoPlist.strings;
			sourceTree = "<group>";
		};
		039A510D19ADC7700041D117 /* Credits.rtf */ = {
			isa = PBXVariantGroup;
			children = (
				039A510E19ADC7700041D117 /* en */,
			);
			name = Credits.rtf;
			sourceTree = "<group>";
		};
		039A511319ADC7700041D117 /* MainMenu.xib */ = {
			isa = PBXVariantGroup;
			children = (
				039A511419ADC7700041D117 /* Base */,
			);
			name = MainMenu.xib;
			sourceTree = "<group>";
		};
		039A512519ADC7700041D117 /* InfoPlist.strings */ = {
			isa = PBXVariantGroup;
			children = (
				039A512619ADC7700041D117 /* en */,
			);
			name = InfoPlist.strings;
			sourceTree = "<group>";
		};
/* End PBXVariantGroup section */

/* Begin XCBuildConfiguration section */
		039A512A19ADC7700041D117 /* Debug */ = {
			isa = XCBuildConfiguration;
			buildSettings = {
				ALWAYS_SEARCH_USER_PATHS = NO;
				CLANG_CXX_LANGUAGE_STANDARD = "gnu++0x";
				CLANG_CXX_LIBRARY = "libc++";
				CLANG_ENABLE_MODULES = YES;
				CLANG_ENABLE_OBJC_ARC = YES;
				CLANG_WARN_BOOL_CONVERSION = YES;
				CLANG_WARN_CONSTANT_CONVERSION = YES;
				CLANG_WARN_DIRECT_OBJC_ISA_USAGE = YES_ERROR;
				CLANG_WARN_EMPTY_BODY = YES;
				CLANG_WARN_ENUM_CONVERSION = YES;
				CLANG_WARN_INT_CONVERSION = YES;
				CLANG_WARN_OBJC_ROOT_CLASS = YES_ERROR;
				CLANG_WARN__DUPLICATE_METHOD_MATCH = YES;
				COPY_PHASE_STRIP = NO;
				GCC_C_LANGUAGE_STANDARD = gnu99;
				GCC_DYNAMIC_NO_PIC = NO;
				GCC_ENABLE_OBJC_EXCEPTIONS = YES;
				GCC_OPTIMIZATION_LEVEL = 0;
				GCC_PREPROCESSOR_DEFINITIONS = (
					"DEBUG=1",
					"$(inherited)",
				);
				GCC_SYMBOLS_PRIVATE_EXTERN = NO;
				GCC_WARN_64_TO_32_BIT_CONVERSION = YES;
				GCC_WARN_ABOUT_RETURN_TYPE = YES_ERROR;
				GCC_WARN_UNDECLARED_SELECTOR = YES;
				GCC_WARN_UNINITIALIZED_AUTOS = YES_AGGRESSIVE;
				GCC_WARN_UNUSED_FUNCTION = YES;
				GCC_WARN_UNUSED_VARIABLE = YES;
				MACOSX_DEPLOYMENT_TARGET = 10.9;
				ONLY_ACTIVE_ARCH = YES;
				SDKROOT = macosx;
			};
			name = Debug;
		};
		039A512B19ADC7700041D117 /* Release */ = {
			isa = XCBuildConfiguration;
			buildSettings = {
				ALWAYS_SEARCH_USER_PATHS = NO;
				CLANG_CXX_LANGUAGE_STANDARD = "gnu++0x";
				CLANG_CXX_LIBRARY = "libc++";
				CLANG_ENABLE_MODULES = YES;
				CLANG_ENABLE_OBJC_ARC = YES;
				CLANG_WARN_BOOL_CONVERSION = YES;
				CLANG_WARN_CONSTANT_CONVERSION = YES;
				CLANG_WARN_DIRECT_OBJC_ISA_USAGE = YES_ERROR;
				CLANG_WARN_EMPTY_BODY = YES;
				CLANG_WARN_ENUM_CONVERSION = YES;
				CLANG_WARN_INT_CONVERSION = YES;
				CLANG_WARN_OBJC_ROOT_CLASS = YES_ERROR;
				CLANG_WARN__DUPLICATE_METHOD_MATCH = YES;
				COPY_PHASE_STRIP = YES;
				DEBUG_INFORMATION_FORMAT = "dwarf-with-dsym";
				ENABLE_NS_ASSERTIONS = NO;
				GCC_C_LANGUAGE_STANDARD = gnu99;
				GCC_ENABLE_OBJC_EXCEPTIONS = YES;
				GCC_WARN_64_TO_32_BIT_CONVERSION = YES;
				GCC_WARN_ABOUT_RETURN_TYPE = YES_ERROR;
				GCC_WARN_UNDECLARED_SELECTOR = YES;
				GCC_WARN_UNINITIALIZED_AUTOS = YES_AGGRESSIVE;
				GCC_WARN_UNUSED_FUNCTION = YES;
				GCC_WARN_UNUSED_VARIABLE = YES;
				MACOSX_DEPLOYMENT_TARGET = 10.9;
				SDKROOT = macosx;
			};
			name = Release;
		};
		039A512D19ADC7700041D117 /* Debug */ = {
			isa = XCBuildConfiguration;
			buildSettings = {
				ASSETCATALOG_COMPILER_APPICON_NAME = AppIcon;
				COMBINE_HIDPI_IMAGES = YES;
				GCC_PRECOMPILE_PREFIX_HEADER = YES;
				GCC_PREFIX_HEADER = "IRSaver/IRSaver-Prefix.pch";
				INFOPLIST_FILE = "IRSaver/IRSaver-Info.plist";
				PRODUCT_NAME = "$(TARGET_NAME)";
				WRAPPER_EXTENSION = app;
			};
			name = Debug;
		};
		039A512E19ADC7700041D117 /* Release */ = {
			isa = XCBuildConfiguration;
			buildSettings = {
				ASSETCATALOG_COMPILER_APPICON_NAME = AppIcon;
				COMBINE_HIDPI_IMAGES = YES;
				GCC_PRECOMPILE_PREFIX_HEADER = YES;
				GCC_PREFIX_HEADER = "IRSaver/IRSaver-Prefix.pch";
				INFOPLIST_FILE = "IRSaver/IRSaver-Info.plist";
				PRODUCT_NAME = "$(TARGET_NAME)";
				WRAPPER_EXTENSION = app;
			};
			name = Release;
		};
		039A513019ADC7700041D117 /* Debug */ = {
			isa = XCBuildConfiguration;
			buildSettings = {
				BUNDLE_LOADER = "$(BUILT_PRODUCTS_DIR)/IRSaver.app/Contents/MacOS/IRSaver";
				COMBINE_HIDPI_IMAGES = YES;
				FRAMEWORK_SEARCH_PATHS = (
					"$(DEVELOPER_FRAMEWORKS_DIR)",
					"$(inherited)",
				);
				GCC_PRECOMPILE_PREFIX_HEADER = YES;
				GCC_PREFIX_HEADER = "IRSaver/IRSaver-Prefix.pch";
				GCC_PREPROCESSOR_DEFINITIONS = (
					"DEBUG=1",
					"$(inherited)",
				);
				INFOPLIST_FILE = "IRSaverTests/IRSaverTests-Info.plist";
				PRODUCT_NAME = "$(TARGET_NAME)";
				TEST_HOST = "$(BUNDLE_LOADER)";
				WRAPPER_EXTENSION = xctest;
			};
			name = Debug;
		};
		039A513119ADC7700041D117 /* Release */ = {
			isa = XCBuildConfiguration;
			buildSettings = {
				BUNDLE_LOADER = "$(BUILT_PRODUCTS_DIR)/IRSaver.app/Contents/MacOS/IRSaver";
				COMBINE_HIDPI_IMAGES = YES;
				FRAMEWORK_SEARCH_PATHS = (
					"$(DEVELOPER_FRAMEWORKS_DIR)",
					"$(inherited)",
				);
				GCC_PRECOMPILE_PREFIX_HEADER = YES;
				GCC_PREFIX_HEADER = "IRSaver/IRSaver-Prefix.pch";
				INFOPLIST_FILE = "IRSaverTests/IRSaverTests-Info.plist";
				PRODUCT_NAME = "$(TARGET_NAME)";
				TEST_HOST = "$(BUNDLE_LOADER)";
				WRAPPER_EXTENSION = xctest;
			};
			name = Release;
		};
/* End XCBuildConfiguration section */

/* Begin XCConfigurationList section */
		039A50F619ADC7700041D117 /* Build configuration list for PBXProject "IRSaver" */ = {
			isa = XCConfigurationList;
			buildConfigurations = (
				039A512A19ADC7700041D117 /* Debug */,
				039A512B19ADC7700041D117 /* Release */,
			);
			defaultConfigurationIsVisible = 0;
			defaultConfigurationName = Release;
		};
		039A512C19ADC7700041D117 /* Build configuration list for PBXNativeTarget "IRSaver" */ = {
			isa = XCConfigurationList;
			buildConfigurations = (
				039A512D19ADC7700041D117 /* Debug */,
				039A512E19ADC7700041D117 /* Release */,
			);
			defaultConfigurationIsVisible = 0;
		};
		039A512F19ADC7700041D117 /* Build configuration list for PBXNativeTarget "IRSaverTests" */ = {
			isa = XCConfigurationList;
			buildConfigurations = (
				039A513019ADC7700041D117 /* Debug */,
				039A513119ADC7700041D117 /* Release */,
			);
			defaultConfigurationIsVisible = 0;
		};
/* End XCConfigurationList section */
	};
	rootObject = 039A50F319ADC7700041D117 /* Project object */;
}
